// !$*UTF8*$!
{
	archiveVersion = 1;
	classes = {
	};
	objectVersion = 46;
	objects = {

/* Begin PBXBuildFile section */
		BBA79B4D18AF301F0099A4FE /* Foundation.framework in Frameworks */ = {isa = PBXBuildFile; fileRef = BBA79B4C18AF301F0099A4FE /* Foundation.framework */; };
		BBA79B4F18AF301F0099A4FE /* CoreGraphics.framework in Frameworks */ = {isa = PBXBuildFile; fileRef = BBA79B4E18AF301F0099A4FE /* CoreGraphics.framework */; };
		BBA79B5118AF301F0099A4FE /* UIKit.framework in Frameworks */ = {isa = PBXBuildFile; fileRef = BBA79B5018AF301F0099A4FE /* UIKit.framework */; };
		BBA79B5718AF301F0099A4FE /* InfoPlist.strings in Resources */ = {isa = PBXBuildFile; fileRef = BBA79B5518AF301F0099A4FE /* InfoPlist.strings */; };
		BBA79B5918AF301F0099A4FE /* main.m in Sources */ = {isa = PBXBuildFile; fileRef = BBA79B5818AF301F0099A4FE /* main.m */; };
		BBA79B5D18AF301F0099A4FE /* AppDelegate.m in Sources */ = {isa = PBXBuildFile; fileRef = BBA79B5C18AF301F0099A4FE /* AppDelegate.m */; };
		BBA79B6318AF301F0099A4FE /* StageViewController.m in Sources */ = {isa = PBXBuildFile; fileRef = BBA79B6218AF301F0099A4FE /* StageViewController.m */; };
		BBA79B6518AF301F0099A4FE /* Images.xcassets in Resources */ = {isa = PBXBuildFile; fileRef = BBA79B6418AF301F0099A4FE /* Images.xcassets */; };
		BBA79B6C18AF301F0099A4FE /* XCTest.framework in Frameworks */ = {isa = PBXBuildFile; fileRef = BBA79B6B18AF301F0099A4FE /* XCTest.framework */; };
		BBA79B6D18AF301F0099A4FE /* Foundation.framework in Frameworks */ = {isa = PBXBuildFile; fileRef = BBA79B4C18AF301F0099A4FE /* Foundation.framework */; };
		BBA79B6E18AF301F0099A4FE /* UIKit.framework in Frameworks */ = {isa = PBXBuildFile; fileRef = BBA79B5018AF301F0099A4FE /* UIKit.framework */; };
		BBA79B7618AF301F0099A4FE /* InfoPlist.strings in Resources */ = {isa = PBXBuildFile; fileRef = BBA79B7418AF301F0099A4FE /* InfoPlist.strings */; };
		BBA79B7818AF301F0099A4FE /* MarioTests.m in Sources */ = {isa = PBXBuildFile; fileRef = BBA79B7718AF301F0099A4FE /* MarioTests.m */; };
		BBA79B8218AF3B910099A4FE /* paper.jpg in Resources */ = {isa = PBXBuildFile; fileRef = BBA79B8118AF3B910099A4FE /* paper.jpg */; };
/* End PBXBuildFile section */

/* Begin PBXContainerItemProxy section */
		BBA79B6F18AF301F0099A4FE /* PBXContainerItemProxy */ = {
			isa = PBXContainerItemProxy;
			containerPortal = BBA79B4118AF301F0099A4FE /* Project object */;
			proxyType = 1;
			remoteGlobalIDString = BBA79B4818AF301F0099A4FE;
			remoteInfo = Mario;
		};
/* End PBXContainerItemProxy section */

/* Begin PBXFileReference section */
		BBA79B4918AF301F0099A4FE /* Mario.app */ = {isa = PBXFileReference; explicitFileType = wrapper.application; includeInIndex = 0; path = Mario.app; sourceTree = BUILT_PRODUCTS_DIR; };
		BBA79B4C18AF301F0099A4FE /* Foundation.framework */ = {isa = PBXFileReference; lastKnownFileType = wrapper.framework; name = Foundation.framework; path = System/Library/Frameworks/Foundation.framework; sourceTree = SDKROOT; };
		BBA79B4E18AF301F0099A4FE /* CoreGraphics.framework */ = {isa = PBXFileReference; lastKnownFileType = wrapper.framework; name = CoreGraphics.framework; path = System/Library/Frameworks/CoreGraphics.framework; sourceTree = SDKROOT; };
		BBA79B5018AF301F0099A4FE /* UIKit.framework */ = {isa = PBXFileReference; lastKnownFileType = wrapper.framework; name = UIKit.framework; path = System/Library/Frameworks/UIKit.framework; sourceTree = SDKROOT; };
		BBA79B5418AF301F0099A4FE /* Mario-Info.plist */ = {isa = PBXFileReference; lastKnownFileType = text.plist.xml; path = "Mario-Info.plist"; sourceTree = "<group>"; };
		BBA79B5618AF301F0099A4FE /* en */ = {isa = PBXFileReference; lastKnownFileType = text.plist.strings; name = en; path = en.lproj/InfoPlist.strings; sourceTree = "<group>"; };
		BBA79B5818AF301F0099A4FE /* main.m */ = {isa = PBXFileReference; lastKnownFileType = sourcecode.c.objc; path = main.m; sourceTree = "<group>"; };
		BBA79B5A18AF301F0099A4FE /* Mario-Prefix.pch */ = {isa = PBXFileReference; lastKnownFileType = sourcecode.c.h; path = "Mario-Prefix.pch"; sourceTree = "<group>"; };
		BBA79B5B18AF301F0099A4FE /* AppDelegate.h */ = {isa = PBXFileReference; lastKnownFileType = sourcecode.c.h; path = AppDelegate.h; sourceTree = "<group>"; };
		BBA79B5C18AF301F0099A4FE /* AppDelegate.m */ = {isa = PBXFileReference; lastKnownFileType = sourcecode.c.objc; path = AppDelegate.m; sourceTree = "<group>"; };
		BBA79B6118AF301F0099A4FE /* StageViewController.h */ = {isa = PBXFileReference; lastKnownFileType = sourcecode.c.h; path = StageViewController.h; sourceTree = "<group>"; };
		BBA79B6218AF301F0099A4FE /* StageViewController.m */ = {isa = PBXFileReference; lastKnownFileType = sourcecode.c.objc; path = StageViewController.m; sourceTree = "<group>"; };
		BBA79B6418AF301F0099A4FE /* Images.xcassets */ = {isa = PBXFileReference; lastKnownFileType = folder.assetcatalog; path = Images.xcassets; sourceTree = "<group>"; };
		BBA79B6A18AF301F0099A4FE /* MarioTests.xctest */ = {isa = PBXFileReference; explicitFileType = wrapper.cfbundle; includeInIndex = 0; path = MarioTests.xctest; sourceTree = BUILT_PRODUCTS_DIR; };
		BBA79B6B18AF301F0099A4FE /* XCTest.framework */ = {isa = PBXFileReference; lastKnownFileType = wrapper.framework; name = XCTest.framework; path = Library/Frameworks/XCTest.framework; sourceTree = DEVELOPER_DIR; };
		BBA79B7318AF301F0099A4FE /* MarioTests-Info.plist */ = {isa = PBXFileReference; lastKnownFileType = text.plist.xml; path = "MarioTests-Info.plist"; sourceTree = "<group>"; };
		BBA79B7518AF301F0099A4FE /* en */ = {isa = PBXFileReference; lastKnownFileType = text.plist.strings; name = en; path = en.lproj/InfoPlist.strings; sourceTree = "<group>"; };
		BBA79B7718AF301F0099A4FE /* MarioTests.m */ = {isa = PBXFileReference; lastKnownFileType = sourcecode.c.objc; path = MarioTests.m; sourceTree = "<group>"; };
		BBA79B8118AF3B910099A4FE /* paper.jpg */ = {isa = PBXFileReference; lastKnownFileType = image.jpeg; path = paper.jpg; sourceTree = "<group>"; };
/* End PBXFileReference section */

/* Begin PBXFrameworksBuildPhase section */
		BBA79B4618AF301F0099A4FE /* Frameworks */ = {
			isa = PBXFrameworksBuildPhase;
			buildActionMask = 2147483647;
			files = (
				BBA79B4F18AF301F0099A4FE /* CoreGraphics.framework in Frameworks */,
				BBA79B5118AF301F0099A4FE /* UIKit.framework in Frameworks */,
				BBA79B4D18AF301F0099A4FE /* Foundation.framework in Frameworks */,
			);
			runOnlyForDeploymentPostprocessing = 0;
		};
		BBA79B6718AF301F0099A4FE /* Frameworks */ = {
			isa = PBXFrameworksBuildPhase;
			buildActionMask = 2147483647;
			files = (
				BBA79B6C18AF301F0099A4FE /* XCTest.framework in Frameworks */,
				BBA79B6E18AF301F0099A4FE /* UIKit.framework in Frameworks */,
				BBA79B6D18AF301F0099A4FE /* Foundation.framework in Frameworks */,
			);
			runOnlyForDeploymentPostprocessing = 0;
		};
/* End PBXFrameworksBuildPhase section */

/* Begin PBXGroup section */
		BBA79B4018AF301F0099A4FE = {
			isa = PBXGroup;
			children = (
				BBA79B5218AF301F0099A4FE /* Mario */,
				BBA79B7118AF301F0099A4FE /* MarioTests */,
				BBA79B4B18AF301F0099A4FE /* Frameworks */,
				BBA79B4A18AF301F0099A4FE /* Products */,
			);
			sourceTree = "<group>";
		};
		BBA79B4A18AF301F0099A4FE /* Products */ = {
			isa = PBXGroup;
			children = (
				BBA79B4918AF301F0099A4FE /* Mario.app */,
				BBA79B6A18AF301F0099A4FE /* MarioTests.xctest */,
			);
			name = Products;
			sourceTree = "<group>";
		};
		BBA79B4B18AF301F0099A4FE /* Frameworks */ = {
			isa = PBXGroup;
			children = (
				BBA79B4C18AF301F0099A4FE /* Foundation.framework */,
				BBA79B4E18AF301F0099A4FE /* CoreGraphics.framework */,
				BBA79B5018AF301F0099A4FE /* UIKit.framework */,
				BBA79B6B18AF301F0099A4FE /* XCTest.framework */,
			);
			name = Frameworks;
			sourceTree = "<group>";
		};
		BBA79B5218AF301F0099A4FE /* Mario */ = {
			isa = PBXGroup;
			children = (
				BBA79B5B18AF301F0099A4FE /* AppDelegate.h */,
				BBA79B5C18AF301F0099A4FE /* AppDelegate.m */,
				BBA79B6118AF301F0099A4FE /* StageViewController.h */,
				BBA79B6218AF301F0099A4FE /* StageViewController.m */,
				BBA79B6418AF301F0099A4FE /* Images.xcassets */,
				BBA79B5318AF301F0099A4FE /* Supporting Files */,
			);
			path = Mario;
			sourceTree = "<group>";
		};
		BBA79B5318AF301F0099A4FE /* Supporting Files */ = {
			isa = PBXGroup;
			children = (
				BBA79B8118AF3B910099A4FE /* paper.jpg */,
				BBA79B5418AF301F0099A4FE /* Mario-Info.plist */,
				BBA79B5518AF301F0099A4FE /* InfoPlist.strings */,
				BBA79B5818AF301F0099A4FE /* main.m */,
				BBA79B5A18AF301F0099A4FE /* Mario-Prefix.pch */,
			);
			name = "Supporting Files";
			sourceTree = "<group>";
		};
		BBA79B7118AF301F0099A4FE /* MarioTests */ = {
			isa = PBXGroup;
			children = (
				BBA79B7718AF301F0099A4FE /* MarioTests.m */,
				BBA79B7218AF301F0099A4FE /* Supporting Files */,
			);
			path = MarioTests;
			sourceTree = "<group>";
		};
		BBA79B7218AF301F0099A4FE /* Supporting Files */ = {
			isa = PBXGroup;
			children = (
				BBA79B7318AF301F0099A4FE /* MarioTests-Info.plist */,
				BBA79B7418AF301F0099A4FE /* InfoPlist.strings */,
			);
			name = "Supporting Files";
			sourceTree = "<group>";
		};
/* End PBXGroup section */

/* Begin PBXNativeTarget section */
		BBA79B4818AF301F0099A4FE /* Mario */ = {
			isa = PBXNativeTarget;
			buildConfigurationList = BBA79B7B18AF301F0099A4FE /* Build configuration list for PBXNativeTarget "Mario" */;
			buildPhases = (
				BBA79B4518AF301F0099A4FE /* Sources */,
				BBA79B4618AF301F0099A4FE /* Frameworks */,
				BBA79B4718AF301F0099A4FE /* Resources */,
			);
			buildRules = (
			);
			dependencies = (
			);
			name = Mario;
			productName = Mario;
			productReference = BBA79B4918AF301F0099A4FE /* Mario.app */;
			productType = "com.apple.product-type.application";
		};
		BBA79B6918AF301F0099A4FE /* MarioTests */ = {
			isa = PBXNativeTarget;
			buildConfigurationList = BBA79B7E18AF301F0099A4FE /* Build configuration list for PBXNativeTarget "MarioTests" */;
			buildPhases = (
				BBA79B6618AF301F0099A4FE /* Sources */,
				BBA79B6718AF301F0099A4FE /* Frameworks */,
				BBA79B6818AF301F0099A4FE /* Resources */,
			);
			buildRules = (
			);
			dependencies = (
				BBA79B7018AF301F0099A4FE /* PBXTargetDependency */,
			);
			name = MarioTests;
			productName = MarioTests;
			productReference = BBA79B6A18AF301F0099A4FE /* MarioTests.xctest */;
			productType = "com.apple.product-type.bundle.unit-test";
		};
/* End PBXNativeTarget section */

/* Begin PBXProject section */
		BBA79B4118AF301F0099A4FE /* Project object */ = {
			isa = PBXProject;
			attributes = {
				LastUpgradeCheck = 0500;
				ORGANIZATIONNAME = elpeo;
				TargetAttributes = {
					BBA79B6918AF301F0099A4FE = {
						TestTargetID = BBA79B4818AF301F0099A4FE;
					};
				};
			};
			buildConfigurationList = BBA79B4418AF301F0099A4FE /* Build configuration list for PBXProject "Mario" */;
			compatibilityVersion = "Xcode 3.2";
			developmentRegion = English;
			hasScannedForEncodings = 0;
			knownRegions = (
				en,
				Base,
			);
			mainGroup = BBA79B4018AF301F0099A4FE;
			productRefGroup = BBA79B4A18AF301F0099A4FE /* Products */;
			projectDirPath = "";
			projectRoot = "";
			targets = (
				BBA79B4818AF301F0099A4FE /* Mario */,
				BBA79B6918AF301F0099A4FE /* MarioTests */,
			);
		};
/* End PBXProject section */

/* Begin PBXResourcesBuildPhase section */
		BBA79B4718AF301F0099A4FE /* Resources */ = {
			isa = PBXResourcesBuildPhase;
			buildActionMask = 2147483647;
			files = (
				BBA79B6518AF301F0099A4FE /* Images.xcassets in Resources */,
				BBA79B5718AF301F0099A4FE /* InfoPlist.strings in Resources */,
				BBA79B8218AF3B910099A4FE /* paper.jpg in Resources */,
			);
			runOnlyForDeploymentPostprocessing = 0;
		};
		BBA79B6818AF301F0099A4FE /* Resources */ = {
			isa = PBXResourcesBuildPhase;
			buildActionMask = 2147483647;
			files = (
				BBA79B7618AF301F0099A4FE /* InfoPlist.strings in Resources */,
			);
			runOnlyForDeploymentPostprocessing = 0;
		};
/* End PBXResourcesBuildPhase section */

/* Begin PBXSourcesBuildPhase section */
		BBA79B4518AF301F0099A4FE /* Sources */ = {
			isa = PBXSourcesBuildPhase;
			buildActionMask = 2147483647;
			files = (
				BBA79B6318AF301F0099A4FE /* StageViewController.m in Sources */,
				BBA79B5D18AF301F0099A4FE /* AppDelegate.m in Sources */,
				BBA79B5918AF301F0099A4FE /* main.m in Sources */,
			);
			runOnlyForDeploymentPostprocessing = 0;
		};
		BBA79B6618AF301F0099A4FE /* Sources */ = {
			isa = PBXSourcesBuildPhase;
			buildActionMask = 2147483647;
			files = (
				BBA79B7818AF301F0099A4FE /* MarioTests.m in Sources */,
			);
			runOnlyForDeploymentPostprocessing = 0;
		};
/* End PBXSourcesBuildPhase section */

/* Begin PBXTargetDependency section */
		BBA79B7018AF301F0099A4FE /* PBXTargetDependency */ = {
			isa = PBXTargetDependency;
			target = BBA79B4818AF301F0099A4FE /* Mario */;
			targetProxy = BBA79B6F18AF301F0099A4FE /* PBXContainerItemProxy */;
		};
/* End PBXTargetDependency section */

/* Begin PBXVariantGroup section */
		BBA79B5518AF301F0099A4FE /* InfoPlist.strings */ = {
			isa = PBXVariantGroup;
			children = (
				BBA79B5618AF301F0099A4FE /* en */,
			);
			name = InfoPlist.strings;
			sourceTree = "<group>";
		};
		BBA79B7418AF301F0099A4FE /* InfoPlist.strings */ = {
			isa = PBXVariantGroup;
			children = (
				BBA79B7518AF301F0099A4FE /* en */,
			);
			name = InfoPlist.strings;
			sourceTree = "<group>";
		};
/* End PBXVariantGroup section */

/* Begin XCBuildConfiguration section */
		BBA79B7918AF301F0099A4FE /* Debug */ = {
			isa = XCBuildConfiguration;
			buildSettings = {
				ALWAYS_SEARCH_USER_PATHS = NO;
				ARCHS = "$(ARCHS_STANDARD_INCLUDING_64_BIT)";
				CLANG_CXX_LANGUAGE_STANDARD = "gnu++0x";
				CLANG_CXX_LIBRARY = "libc++";
				CLANG_ENABLE_MODULES = YES;
				CLANG_ENABLE_OBJC_ARC = YES;
				CLANG_WARN_BOOL_CONVERSION = YES;
				CLANG_WARN_CONSTANT_CONVERSION = YES;
				CLANG_WARN_DIRECT_OBJC_ISA_USAGE = YES_ERROR;
				CLANG_WARN_EMPTY_BODY = YES;
				CLANG_WARN_ENUM_CONVERSION = YES;
				CLANG_WARN_INT_CONVERSION = YES;
				CLANG_WARN_OBJC_ROOT_CLASS = YES_ERROR;
				CLANG_WARN__DUPLICATE_METHOD_MATCH = YES;
				"CODE_SIGN_IDENTITY[sdk=iphoneos*]" = "iPhone Developer";
				COPY_PHASE_STRIP = NO;
				GCC_C_LANGUAGE_STANDARD = gnu99;
				GCC_DYNAMIC_NO_PIC = NO;
				GCC_OPTIMIZATION_LEVEL = 0;
				GCC_PREPROCESSOR_DEFINITIONS = (
					"DEBUG=1",
					"$(inherited)",
				);
				GCC_SYMBOLS_PRIVATE_EXTERN = NO;
				GCC_WARN_64_TO_32_BIT_CONVERSION = YES;
				GCC_WARN_ABOUT_RETURN_TYPE = YES_ERROR;
				GCC_WARN_UNDECLARED_SELECTOR = YES;
				GCC_WARN_UNINITIALIZED_AUTOS = YES;
				GCC_WARN_UNUSED_FUNCTION = YES;
				GCC_WARN_UNUSED_VARIABLE = YES;
				IPHONEOS_DEPLOYMENT_TARGET = 7.0;
				ONLY_ACTIVE_ARCH = YES;
				SDKROOT = iphoneos;
			};
			name = Debug;
		};
		BBA79B7A18AF301F0099A4FE /* Release */ = {
			isa = XCBuildConfiguration;
			buildSettings = {
				ALWAYS_SEARCH_USER_PATHS = NO;
				ARCHS = "$(ARCHS_STANDARD_INCLUDING_64_BIT)";
				CLANG_CXX_LANGUAGE_STANDARD = "gnu++0x";
				CLANG_CXX_LIBRARY = "libc++";
				CLANG_ENABLE_MODULES = YES;
				CLANG_ENABLE_OBJC_ARC = YES;
				CLANG_WARN_BOOL_CONVERSION = YES;
				CLANG_WARN_CONSTANT_CONVERSION = YES;
				CLANG_WARN_DIRECT_OBJC_ISA_USAGE = YES_ERROR;
				CLANG_WARN_EMPTY_BODY = YES;
				CLANG_WARN_ENUM_CONVERSION = YES;
				CLANG_WARN_INT_CONVERSION = YES;
				CLANG_WARN_OBJC_ROOT_CLASS = YES_ERROR;
				CLANG_WARN__DUPLICATE_METHOD_MATCH = YES;
				"CODE_SIGN_IDENTITY[sdk=iphoneos*]" = "iPhone Developer";
				COPY_PHASE_STRIP = YES;
				ENABLE_NS_ASSERTIONS = NO;
				GCC_C_LANGUAGE_STANDARD = gnu99;
				GCC_WARN_64_TO_32_BIT_CONVERSION = YES;
				GCC_WARN_ABOUT_RETURN_TYPE = YES_ERROR;
				GCC_WARN_UNDECLARED_SELECTOR = YES;
				GCC_WARN_UNINITIALIZED_AUTOS = YES;
				GCC_WARN_UNUSED_FUNCTION = YES;
				GCC_WARN_UNUSED_VARIABLE = YES;
				IPHONEOS_DEPLOYMENT_TARGET = 7.0;
				SDKROOT = iphoneos;
				VALIDATE_PRODUCT = YES;
			};
			name = Release;
		};
		BBA79B7C18AF301F0099A4FE /* Debug */ = {
			isa = XCBuildConfiguration;
			buildSettings = {
				ASSETCATALOG_COMPILER_APPICON_NAME = AppIcon;
				ASSETCATALOG_COMPILER_LAUNCHIMAGE_NAME = LaunchImage;
				GCC_PRECOMPILE_PREFIX_HEADER = YES;
				GCC_PREFIX_HEADER = "Mario/Mario-Prefix.pch";
				INFOPLIST_FILE = "Mario/Mario-Info.plist";
				PRODUCT_NAME = "$(TARGET_NAME)";
				WRAPPER_EXTENSION = app;
			};
			name = Debug;
		};
		BBA79B7D18AF301F0099A4FE /* Release */ = {
			isa = XCBuildConfiguration;
			buildSettings = {
				ASSETCATALOG_COMPILER_APPICON_NAME = AppIcon;
				ASSETCATALOG_COMPILER_LAUNCHIMAGE_NAME = LaunchImage;
				GCC_PRECOMPILE_PREFIX_HEADER = YES;
				GCC_PREFIX_HEADER = "Mario/Mario-Prefix.pch";
				INFOPLIST_FILE = "Mario/Mario-Info.plist";
				PRODUCT_NAME = "$(TARGET_NAME)";
				WRAPPER_EXTENSION = app;
			};
			name = Release;
		};
		BBA79B7F18AF301F0099A4FE /* Debug */ = {
			isa = XCBuildConfiguration;
			buildSettings = {
				ARCHS = "$(ARCHS_STANDARD_INCLUDING_64_BIT)";
				BUNDLE_LOADER = "$(BUILT_PRODUCTS_DIR)/Mario.app/Mario";
				FRAMEWORK_SEARCH_PATHS = (
					"$(SDKROOT)/Developer/Library/Frameworks",
					"$(inherited)",
					"$(DEVELOPER_FRAMEWORKS_DIR)",
				);
				GCC_PRECOMPILE_PREFIX_HEADER = YES;
				GCC_PREFIX_HEADER = "Mario/Mario-Prefix.pch";
				GCC_PREPROCESSOR_DEFINITIONS = (
					"DEBUG=1",
					"$(inherited)",
				);
				INFOPLIST_FILE = "MarioTests/MarioTests-Info.plist";
				PRODUCT_NAME = "$(TARGET_NAME)";
				TEST_HOST = "$(BUNDLE_LOADER)";
				WRAPPER_EXTENSION = xctest;
			};
			name = Debug;
		};
		BBA79B8018AF301F0099A4FE /* Release */ = {
			isa = XCBuildConfiguration;
			buildSettings = {
				ARCHS = "$(ARCHS_STANDARD_INCLUDING_64_BIT)";
				BUNDLE_LOADER = "$(BUILT_PRODUCTS_DIR)/Mario.app/Mario";
				FRAMEWORK_SEARCH_PATHS = (
					"$(SDKROOT)/Developer/Library/Frameworks",
					"$(inherited)",
					"$(DEVELOPER_FRAMEWORKS_DIR)",
				);
				GCC_PRECOMPILE_PREFIX_HEADER = YES;
				GCC_PREFIX_HEADER = "Mario/Mario-Prefix.pch";
				INFOPLIST_FILE = "MarioTests/MarioTests-Info.plist";
				PRODUCT_NAME = "$(TARGET_NAME)";
				TEST_HOST = "$(BUNDLE_LOADER)";
				WRAPPER_EXTENSION = xctest;
			};
			name = Release;
		};
/* End XCBuildConfiguration section */

/* Begin XCConfigurationList section */
		BBA79B4418AF301F0099A4FE /* Build configuration list for PBXProject "Mario" */ = {
			isa = XCConfigurationList;
			buildConfigurations = (
				BBA79B7918AF301F0099A4FE /* Debug */,
				BBA79B7A18AF301F0099A4FE /* Release */,
			);
			defaultConfigurationIsVisible = 0;
			defaultConfigurationName = Release;
		};
		BBA79B7B18AF301F0099A4FE /* Build configuration list for PBXNativeTarget "Mario" */ = {
			isa = XCConfigurationList;
			buildConfigurations = (
				BBA79B7C18AF301F0099A4FE /* Debug */,
				BBA79B7D18AF301F0099A4FE /* Release */,
			);
			defaultConfigurationIsVisible = 0;
			defaultConfigurationName = Release;
		};
		BBA79B7E18AF301F0099A4FE /* Build configuration list for PBXNativeTarget "MarioTests" */ = {
			isa = XCConfigurationList;
			buildConfigurations = (
				BBA79B7F18AF301F0099A4FE /* Debug */,
				BBA79B8018AF301F0099A4FE /* Release */,
			);
			defaultConfigurationIsVisible = 0;
			defaultConfigurationName = Release;
		};
/* End XCConfigurationList section */
	};
	rootObject = BBA79B4118AF301F0099A4FE /* Project object */;
}
